
Microsoft Visual Studio Solution File, Format Version 12.00
# Visual Studio Version 17
VisualStudioVersion = 17.13.35825.156 d17.13
MinimumVisualStudioVersion = 10.0.40219.1
Project("{FAE04EC0-301F-11D3-BF4B-00C04F79EFBC}") = "adventureGameproject", "adventureGameproject\adventureGameproject.csproj", "{F840DADC-FFF7-451C-9C7C-48C9DB1CF01F}"
EndProject
Global
	GlobalSection(SolutionConfigurationPlatforms) = preSolution
		Debug|Any CPU = Debug|Any CPU
		Release|Any CPU = Release|Any CPU
	EndGlobalSection
	GlobalSection(ProjectConfigurationPlatforms) = postSolution
		{F840DADC-FFF7-451C-9C7C-48C9DB1CF01F}.Debug|Any CPU.ActiveCfg = Debug|Any CPU
		{F840DADC-FFF7-451C-9C7C-48C9DB1CF01F}.Debug|Any CPU.Build.0 = Debug|Any CPU
		{F840DADC-FFF7-451C-9C7C-48C9DB1CF01F}.Release|Any CPU.ActiveCfg = Release|Any CPU
		{F840DADC-FFF7-451C-9C7C-48C9DB1CF01F}.Release|Any CPU.Build.0 = Release|Any CPU
	EndGlobalSection
	GlobalSection(SolutionProperties) = preSolution
		HideSolutionNode = FALSE
	EndGlobalSection
	GlobalSection(ExtensibilityGlobals) = postSolution
		SolutionGuid = {2F49F949-674F-4044-AC97-DB3AB076EF94}
	EndGlobalSection
EndGlobal
